
Microsoft Visual Studio Solution File, Format Version 12.00
# Visual Studio Version 16
VisualStudioVersion = 16.0.29926.136
MinimumVisualStudioVersion = 10.0.40219.1
Project("{FAE04EC0-301F-11D3-BF4B-00C04F79EFBC}") = "DuplicateFileTool", "DuplicateFileTool\DuplicateFileTool.csproj", "{B09930EB-A480-4084-A758-3620924C36AC}"
EndProject
Global
	GlobalSection(SolutionConfigurationPlatforms) = preSolution
		Debug|Any CPU = Debug|Any CPU
		Release|Any CPU = Release|Any CPU
	EndGlobalSection
	GlobalSection(ProjectConfigurationPlatforms) = postSolution
		{B09930EB-A480-4084-A758-3620924C36AC}.Debug|Any CPU.ActiveCfg = Debug|Any CPU
		{B09930EB-A480-4084-A758-3620924C36AC}.Debug|Any CPU.Build.0 = Debug|Any CPU
		{B09930EB-A480-4084-A758-3620924C36AC}.Release|Any CPU.ActiveCfg = Release|Any CPU
		{B09930EB-A480-4084-A758-3620924C36AC}.Release|Any CPU.Build.0 = Release|Any CPU
	EndGlobalSection
	GlobalSection(SolutionProperties) = preSolution
		HideSolutionNode = FALSE
	EndGlobalSection
	GlobalSection(ExtensibilityGlobals) = postSolution
		SolutionGuid = {B4AE15B8-84FF-438C-ACBF-6F2115B71989}
	EndGlobalSection
EndGlobal
